
Microsoft Visual Studio Solution File, Format Version 12.00
# Visual Studio Version 17
VisualStudioVersion = 17.11.35312.102
MinimumVisualStudioVersion = 10.0.40219.1
Project("{FAE04EC0-301F-11D3-BF4B-00C04F79EFBC}") = "patika_w4_Polymorphism", "patika_w4_Polymorphism\patika_w4_Polymorphism.csproj", "{0BE41A2F-36F9-462B-ABBD-8EBCB2A04F95}"
EndProject
Global
	GlobalSection(SolutionConfigurationPlatforms) = preSolution
		Debug|Any CPU = Debug|Any CPU
		Release|Any CPU = Release|Any CPU
	EndGlobalSection
	GlobalSection(ProjectConfigurationPlatforms) = postSolution
		{0BE41A2F-36F9-462B-ABBD-8EBCB2A04F95}.Debug|Any CPU.ActiveCfg = Debug|Any CPU
		{0BE41A2F-36F9-462B-ABBD-8EBCB2A04F95}.Debug|Any CPU.Build.0 = Debug|Any CPU
		{0BE41A2F-36F9-462B-ABBD-8EBCB2A04F95}.Release|Any CPU.ActiveCfg = Release|Any CPU
		{0BE41A2F-36F9-462B-ABBD-8EBCB2A04F95}.Release|Any CPU.Build.0 = Release|Any CPU
	EndGlobalSection
	GlobalSection(SolutionProperties) = preSolution
		HideSolutionNode = FALSE
	EndGlobalSection
	GlobalSection(ExtensibilityGlobals) = postSolution
		SolutionGuid = {46E66D51-4013-4298-BA72-4739972069CE}
	EndGlobalSection
EndGlobal
